
Microsoft Visual Studio Solution File, Format Version 12.00
# Visual Studio 15
Project("{FAE04EC0-301F-11D3-BF4B-00C04F79EFBC}") = "Assembly-CSharp-firstpass", "Assembly-CSharp-firstpass.csproj", "{7F30CFC3-0254-8B9F-6109-1278E70E51F1}"
EndProject
Project("{FAE04EC0-301F-11D3-BF4B-00C04F79EFBC}") = "Assembly-CSharp", "Assembly-CSharp.csproj", "{D898B934-A259-6F4A-1BDD-B18747FB7D59}"
EndProject
Project("{FAE04EC0-301F-11D3-BF4B-00C04F79EFBC}") = "Assembly-CSharp-Editor", "Assembly-CSharp-Editor.csproj", "{86C543D4-A714-7546-6F47-DFA2D4ABF847}"
EndProject
Project("{FAE04EC0-301F-11D3-BF4B-00C04F79EFBC}") = "Assembly-CSharp-Editor-firstpass", "Assembly-CSharp-Editor-firstpass.csproj", "{09A2FE1B-C4A1-1D7A-DDF8-196C9624D9B4}"
EndProject
Global
	GlobalSection(SolutionConfigurationPlatforms) = preSolution
		Debug|Any CPU = Debug|Any CPU
		Release|Any CPU = Release|Any CPU
	EndGlobalSection
	GlobalSection(ProjectConfigurationPlatforms) = postSolution
		{7F30CFC3-0254-8B9F-6109-1278E70E51F1}.Debug|Any CPU.ActiveCfg = Debug|Any CPU
		{7F30CFC3-0254-8B9F-6109-1278E70E51F1}.Debug|Any CPU.Build.0 = Debug|Any CPU
		{7F30CFC3-0254-8B9F-6109-1278E70E51F1}.Release|Any CPU.ActiveCfg = Release|Any CPU
		{7F30CFC3-0254-8B9F-6109-1278E70E51F1}.Release|Any CPU.Build.0 = Release|Any CPU
		{D898B934-A259-6F4A-1BDD-B18747FB7D59}.Debug|Any CPU.ActiveCfg = Debug|Any CPU
		{D898B934-A259-6F4A-1BDD-B18747FB7D59}.Debug|Any CPU.Build.0 = Debug|Any CPU
		{D898B934-A259-6F4A-1BDD-B18747FB7D59}.Release|Any CPU.ActiveCfg = Release|Any CPU
		{D898B934-A259-6F4A-1BDD-B18747FB7D59}.Release|Any CPU.Build.0 = Release|Any CPU
		{86C543D4-A714-7546-6F47-DFA2D4ABF847}.Debug|Any CPU.ActiveCfg = Debug|Any CPU
		{86C543D4-A714-7546-6F47-DFA2D4ABF847}.Debug|Any CPU.Build.0 = Debug|Any CPU
		{86C543D4-A714-7546-6F47-DFA2D4ABF847}.Release|Any CPU.ActiveCfg = Release|Any CPU
		{86C543D4-A714-7546-6F47-DFA2D4ABF847}.Release|Any CPU.Build.0 = Release|Any CPU
		{09A2FE1B-C4A1-1D7A-DDF8-196C9624D9B4}.Debug|Any CPU.ActiveCfg = Debug|Any CPU
		{09A2FE1B-C4A1-1D7A-DDF8-196C9624D9B4}.Debug|Any CPU.Build.0 = Debug|Any CPU
		{09A2FE1B-C4A1-1D7A-DDF8-196C9624D9B4}.Release|Any CPU.ActiveCfg = Release|Any CPU
		{09A2FE1B-C4A1-1D7A-DDF8-196C9624D9B4}.Release|Any CPU.Build.0 = Release|Any CPU
	EndGlobalSection
	GlobalSection(SolutionProperties) = preSolution
		HideSolutionNode = FALSE
	EndGlobalSection
EndGlobal
